
Microsoft Visual Studio Solution File, Format Version 12.00
# Visual Studio Version 16
VisualStudioVersion = 16.0.30406.217
MinimumVisualStudioVersion = 10.0.40219.1
Project("{FAE04EC0-301F-11D3-BF4B-00C04F79EFBC}") = "MultiplicationRndomNumbers", "MultiplicationRndomNumbers\MultiplicationRndomNumbers.csproj", "{14B3732D-790C-4E11-A3C0-4DEAEF319426}"
EndProject
Global
	GlobalSection(SolutionConfigurationPlatforms) = preSolution
		Debug|Any CPU = Debug|Any CPU
		Release|Any CPU = Release|Any CPU
	EndGlobalSection
	GlobalSection(ProjectConfigurationPlatforms) = postSolution
		{14B3732D-790C-4E11-A3C0-4DEAEF319426}.Debug|Any CPU.ActiveCfg = Debug|Any CPU
		{14B3732D-790C-4E11-A3C0-4DEAEF319426}.Debug|Any CPU.Build.0 = Debug|Any CPU
		{14B3732D-790C-4E11-A3C0-4DEAEF319426}.Release|Any CPU.ActiveCfg = Release|Any CPU
		{14B3732D-790C-4E11-A3C0-4DEAEF319426}.Release|Any CPU.Build.0 = Release|Any CPU
	EndGlobalSection
	GlobalSection(SolutionProperties) = preSolution
		HideSolutionNode = FALSE
	EndGlobalSection
	GlobalSection(ExtensibilityGlobals) = postSolution
		SolutionGuid = {8EC482D4-7075-477B-AF91-754AA534F52A}
	EndGlobalSection
EndGlobal
